
Microsoft Visual Studio Solution File, Format Version 12.00
# Visual Studio Version 16
VisualStudioVersion = 16.0.32228.343
MinimumVisualStudioVersion = 10.0.40219.1
Project("{FAE04EC0-301F-11D3-BF4B-00C04F79EFBC}") = "JuAutoScreenShot", "JuAutoScreenShot\JuAutoScreenShot.csproj", "{52FDE82B-1FDC-4D34-A3E9-8A74DF7EEDFD}"
EndProject
Global
	GlobalSection(SolutionConfigurationPlatforms) = preSolution
		Debug|Any CPU = Debug|Any CPU
		Release|Any CPU = Release|Any CPU
	EndGlobalSection
	GlobalSection(ProjectConfigurationPlatforms) = postSolution
		{52FDE82B-1FDC-4D34-A3E9-8A74DF7EEDFD}.Debug|Any CPU.ActiveCfg = Debug|Any CPU
		{52FDE82B-1FDC-4D34-A3E9-8A74DF7EEDFD}.Debug|Any CPU.Build.0 = Debug|Any CPU
		{52FDE82B-1FDC-4D34-A3E9-8A74DF7EEDFD}.Release|Any CPU.ActiveCfg = Release|Any CPU
		{52FDE82B-1FDC-4D34-A3E9-8A74DF7EEDFD}.Release|Any CPU.Build.0 = Release|Any CPU
	EndGlobalSection
	GlobalSection(SolutionProperties) = preSolution
		HideSolutionNode = FALSE
	EndGlobalSection
	GlobalSection(ExtensibilityGlobals) = postSolution
		SolutionGuid = {1E109294-662B-4867-8F75-9D97149CBF6B}
	EndGlobalSection
EndGlobal
